
Microsoft Visual Studio Solution File, Format Version 12.00
# Visual Studio Version 16
VisualStudioVersion = 16.0.31112.23
MinimumVisualStudioVersion = 10.0.40219.1
Project("{8BC9CEB8-8B4A-11D0-8D11-00A0C91BC942}") = "VectorAddition", "VectorAddition\VectorAddition.vcxproj", "{308CCD33-AAB8-47A5-9102-B0D63FB4ECC5}"
EndProject
Project("{8BC9CEB8-8B4A-11D0-8D11-00A0C91BC942}") = "GameOfLife", "GameOfLife\GameOfLife.vcxproj", "{A1A5DFE4-9462-4816-9841-7A1AF68E5530}"
EndProject
Project("{8BC9CEB8-8B4A-11D0-8D11-00A0C91BC942}") = "AdditionalFunctionallity", "AdditionalFunctionallity\AdditionalFunctionallity.vcxproj", "{BC3C8E8B-25BF-4EB3-B4BB-72AE3A2B633C}"
EndProject
Project("{8BC9CEB8-8B4A-11D0-8D11-00A0C91BC942}") = "GOLDataParallel", "GOLDataParallel\GOLDataParallel.vcxproj", "{C55677D5-99BF-4182-942A-076C59F757FA}"
EndProject
Project("{8BC9CEB8-8B4A-11D0-8D11-00A0C91BC942}") = "Copy2DArrayCuda", "Copy2DArrayCuda\Copy2DArrayCuda.vcxproj", "{0EAC0CB7-A4EF-496E-85D3-16C615C2157F}"
EndProject
Project("{8BC9CEB8-8B4A-11D0-8D11-00A0C91BC942}") = "GOLTaskParallel", "GOLTaskParallel\GOLTaskParallel.vcxproj", "{88B6F2FD-DBBD-4AD3-84E5-C3000E4D893E}"
EndProject
Global
	GlobalSection(SolutionConfigurationPlatforms) = preSolution
		Debug|Any CPU = Debug|Any CPU
		Debug|x64 = Debug|x64
		Debug|x86 = Debug|x86
		Release|Any CPU = Release|Any CPU
		Release|x64 = Release|x64
		Release|x86 = Release|x86
	EndGlobalSection
	GlobalSection(ProjectConfigurationPlatforms) = postSolution
		{308CCD33-AAB8-47A5-9102-B0D63FB4ECC5}.Debug|Any CPU.ActiveCfg = Debug|Win32
		{308CCD33-AAB8-47A5-9102-B0D63FB4ECC5}.Debug|x64.ActiveCfg = Debug|x64
		{308CCD33-AAB8-47A5-9102-B0D63FB4ECC5}.Debug|x64.Build.0 = Debug|x64
		{308CCD33-AAB8-47A5-9102-B0D63FB4ECC5}.Debug|x86.ActiveCfg = Debug|Win32
		{308CCD33-AAB8-47A5-9102-B0D63FB4ECC5}.Debug|x86.Build.0 = Debug|Win32
		{308CCD33-AAB8-47A5-9102-B0D63FB4ECC5}.Release|Any CPU.ActiveCfg = Release|Win32
		{308CCD33-AAB8-47A5-9102-B0D63FB4ECC5}.Release|x64.ActiveCfg = Release|x64
		{308CCD33-AAB8-47A5-9102-B0D63FB4ECC5}.Release|x64.Build.0 = Release|x64
		{308CCD33-AAB8-47A5-9102-B0D63FB4ECC5}.Release|x86.ActiveCfg = Release|Win32
		{308CCD33-AAB8-47A5-9102-B0D63FB4ECC5}.Release|x86.Build.0 = Release|Win32
		{A1A5DFE4-9462-4816-9841-7A1AF68E5530}.Debug|Any CPU.ActiveCfg = Debug|Win32
		{A1A5DFE4-9462-4816-9841-7A1AF68E5530}.Debug|x64.ActiveCfg = Debug|x64
		{A1A5DFE4-9462-4816-9841-7A1AF68E5530}.Debug|x64.Build.0 = Debug|x64
		{A1A5DFE4-9462-4816-9841-7A1AF68E5530}.Debug|x86.ActiveCfg = Debug|Win32
		{A1A5DFE4-9462-4816-9841-7A1AF68E5530}.Debug|x86.Build.0 = Debug|Win32
		{A1A5DFE4-9462-4816-9841-7A1AF68E5530}.Release|Any CPU.ActiveCfg = Release|Win32
		{A1A5DFE4-9462-4816-9841-7A1AF68E5530}.Release|x64.ActiveCfg = Release|x64
		{A1A5DFE4-9462-4816-9841-7A1AF68E5530}.Release|x64.Build.0 = Release|x64
		{A1A5DFE4-9462-4816-9841-7A1AF68E5530}.Release|x86.ActiveCfg = Release|Win32
		{A1A5DFE4-9462-4816-9841-7A1AF68E5530}.Release|x86.Build.0 = Release|Win32
		{BC3C8E8B-25BF-4EB3-B4BB-72AE3A2B633C}.Debug|Any CPU.ActiveCfg = Debug|Win32
		{BC3C8E8B-25BF-4EB3-B4BB-72AE3A2B633C}.Debug|x64.ActiveCfg = Debug|x64
		{BC3C8E8B-25BF-4EB3-B4BB-72AE3A2B633C}.Debug|x64.Build.0 = Debug|x64
		{BC3C8E8B-25BF-4EB3-B4BB-72AE3A2B633C}.Debug|x86.ActiveCfg = Debug|Win32
		{BC3C8E8B-25BF-4EB3-B4BB-72AE3A2B633C}.Debug|x86.Build.0 = Debug|Win32
		{BC3C8E8B-25BF-4EB3-B4BB-72AE3A2B633C}.Release|Any CPU.ActiveCfg = Release|Win32
		{BC3C8E8B-25BF-4EB3-B4BB-72AE3A2B633C}.Release|x64.ActiveCfg = Release|x64
		{BC3C8E8B-25BF-4EB3-B4BB-72AE3A2B633C}.Release|x64.Build.0 = Release|x64
		{BC3C8E8B-25BF-4EB3-B4BB-72AE3A2B633C}.Release|x86.ActiveCfg = Release|Win32
		{BC3C8E8B-25BF-4EB3-B4BB-72AE3A2B633C}.Release|x86.Build.0 = Release|Win32
		{C55677D5-99BF-4182-942A-076C59F757FA}.Debug|Any CPU.ActiveCfg = Debug|x64
		{C55677D5-99BF-4182-942A-076C59F757FA}.Debug|x64.ActiveCfg = Debug|x64
		{C55677D5-99BF-4182-942A-076C59F757FA}.Debug|x64.Build.0 = Debug|x64
		{C55677D5-99BF-4182-942A-076C59F757FA}.Debug|x86.ActiveCfg = Debug|x64
		{C55677D5-99BF-4182-942A-076C59F757FA}.Release|Any CPU.ActiveCfg = Release|x64
		{C55677D5-99BF-4182-942A-076C59F757FA}.Release|x64.ActiveCfg = Release|x64
		{C55677D5-99BF-4182-942A-076C59F757FA}.Release|x64.Build.0 = Release|x64
		{C55677D5-99BF-4182-942A-076C59F757FA}.Release|x86.ActiveCfg = Release|x64
		{0EAC0CB7-A4EF-496E-85D3-16C615C2157F}.Debug|Any CPU.ActiveCfg = Debug|Win32
		{0EAC0CB7-A4EF-496E-85D3-16C615C2157F}.Debug|x64.ActiveCfg = Debug|x64
		{0EAC0CB7-A4EF-496E-85D3-16C615C2157F}.Debug|x64.Build.0 = Debug|x64
		{0EAC0CB7-A4EF-496E-85D3-16C615C2157F}.Debug|x86.ActiveCfg = Debug|Win32
		{0EAC0CB7-A4EF-496E-85D3-16C615C2157F}.Debug|x86.Build.0 = Debug|Win32
		{0EAC0CB7-A4EF-496E-85D3-16C615C2157F}.Release|Any CPU.ActiveCfg = Release|Win32
		{0EAC0CB7-A4EF-496E-85D3-16C615C2157F}.Release|x64.ActiveCfg = Release|x64
		{0EAC0CB7-A4EF-496E-85D3-16C615C2157F}.Release|x64.Build.0 = Release|x64
		{0EAC0CB7-A4EF-496E-85D3-16C615C2157F}.Release|x86.ActiveCfg = Release|Win32
		{0EAC0CB7-A4EF-496E-85D3-16C615C2157F}.Release|x86.Build.0 = Release|Win32
		{88B6F2FD-DBBD-4AD3-84E5-C3000E4D893E}.Debug|Any CPU.ActiveCfg = Debug|x64
		{88B6F2FD-DBBD-4AD3-84E5-C3000E4D893E}.Debug|x64.ActiveCfg = Debug|x64
		{88B6F2FD-DBBD-4AD3-84E5-C3000E4D893E}.Debug|x64.Build.0 = Debug|x64
		{88B6F2FD-DBBD-4AD3-84E5-C3000E4D893E}.Debug|x86.ActiveCfg = Debug|x64
		{88B6F2FD-DBBD-4AD3-84E5-C3000E4D893E}.Release|Any CPU.ActiveCfg = Release|x64
		{88B6F2FD-DBBD-4AD3-84E5-C3000E4D893E}.Release|x64.ActiveCfg = Release|x64
		{88B6F2FD-DBBD-4AD3-84E5-C3000E4D893E}.Release|x64.Build.0 = Release|x64
		{88B6F2FD-DBBD-4AD3-84E5-C3000E4D893E}.Release|x86.ActiveCfg = Release|x64
	EndGlobalSection
	GlobalSection(SolutionProperties) = preSolution
		HideSolutionNode = FALSE
	EndGlobalSection
	GlobalSection(ExtensibilityGlobals) = postSolution
		SolutionGuid = {8D598C59-36DB-4252-906C-6D39674DB082}
	EndGlobalSection
EndGlobal
