<?xml version="1.0" encoding="utf-8"?>
<Project ToolsVersion="4.0" xmlns="http://schemas.microsoft.com/developer/msbuild/2003">
  <ItemGroup>
    <Filter Include="GOL_CUDA">
      <UniqueIdentifier>{930d1c98-3318-44ee-9487-23617bd0abd2}</UniqueIdentifier>
    </Filter>
    <Filter Include="GOL_CUDA\Kernels">
      <UniqueIdentifier>{335de9cc-5562-4986-976a-7cad7c8c5bfa}</UniqueIdentifier>
    </Filter>
    <Filter Include="TestCode">
      <UniqueIdentifier>{99f7a85a-9486-4b2a-af12-527500bd18d3}</UniqueIdentifier>
    </Filter>
  </ItemGroup>
  <ItemGroup>
    <CudaCompile Include="GOL.cu">
      <Filter>GOL_CUDA</Filter>
    </CudaCompile>
  </ItemGroup>
  <ItemGroup>
    <ClInclude Include="GOL.cuh">
      <Filter>GOL_CUDA</Filter>
    </ClInclude>
    <ClInclude Include="KernelManager.cuh">
      <Filter>GOL_CUDA\Kernels</Filter>
    </ClInclude>
    <ClInclude Include="DataParallelManager.cuh">
      <Filter>GOL_CUDA\Kernels</Filter>
    </ClInclude>
    <ClInclude Include="TaskParallelManager.cuh">
      <Filter>GOL_CUDA\Kernels</Filter>
    </ClInclude>
    <ClInclude Include="DriverCode.h" />
    <ClInclude Include="TestBase.h">
      <Filter>TestCode</Filter>
    </ClInclude>
  </ItemGroup>
  <ItemGroup>
    <ClCompile Include="DataParallelManager.cu">
      <Filter>GOL_CUDA\Kernels</Filter>
    </ClCompile>
    <ClCompile Include="KernelManager.cu">
      <Filter>GOL_CUDA\Kernels</Filter>
    </ClCompile>
    <ClCompile Include="TaskParallelManager.cu">
      <Filter>GOL_CUDA\Kernels</Filter>
    </ClCompile>
    <ClCompile Include="Source.cu" />
    <ClCompile Include="DriverCode.cpp" />
  </ItemGroup>
</Project>